
Microsoft Visual Studio Solution File, Format Version 12.00
# Visual Studio Version 16
VisualStudioVersion = 16.0.29905.134
MinimumVisualStudioVersion = 10.0.40219.1
Project("{888888A0-9F3D-457C-B088-3A5042F75D52}") = "TCPklienti", "TCPklienti.pyproj", "{D8E6B89E-1E26-422A-B22D-438C890AE353}"
EndProject
Global
	GlobalSection(SolutionConfigurationPlatforms) = preSolution
		Debug|Any CPU = Debug|Any CPU
		Release|Any CPU = Release|Any CPU
	EndGlobalSection
	GlobalSection(ProjectConfigurationPlatforms) = postSolution
		{D8E6B89E-1E26-422A-B22D-438C890AE353}.Debug|Any CPU.ActiveCfg = Debug|Any CPU
		{D8E6B89E-1E26-422A-B22D-438C890AE353}.Release|Any CPU.ActiveCfg = Release|Any CPU
	EndGlobalSection
	GlobalSection(SolutionProperties) = preSolution
		HideSolutionNode = FALSE
	EndGlobalSection
	GlobalSection(ExtensibilityGlobals) = postSolution
		SolutionGuid = {0855874C-9B8E-47AD-A29A-81CAC22B158A}
	EndGlobalSection
EndGlobal
